
Microsoft Visual Studio Solution File, Format Version 12.00
# Visual Studio 15
VisualStudioVersion = 15.0.26430.14
MinimumVisualStudioVersion = 10.0.40219.1
Project("{FAE04EC0-301F-11D3-BF4B-00C04F79EFBC}") = "GiveAway.Core", "GiveAway.Core\GiveAway.Core.csproj", "{67F9D3A8-F71E-4428-913F-C37AE82CDB24}"
EndProject
Project("{FAE04EC0-301F-11D3-BF4B-00C04F79EFBC}") = "GiveAway.iOS", "..\GiveAway.iOS\GiveAway.iOS\GiveAway.iOS.csproj", "{6006DCF0-EEB6-4F8E-9B55-06A3B51B3304}"
EndProject
Project("{FAE04EC0-301F-11D3-BF4B-00C04F79EFBC}") = "GiveAway.Droid", "GiveAway.Droid\GiveAway.Droid.csproj", "{1D7763E8-0032-4FB4-98E7-AB1B21711E42}"
EndProject
Global
	GlobalSection(SolutionConfigurationPlatforms) = preSolution
		Ad-Hoc|Any CPU = Ad-Hoc|Any CPU
		Ad-Hoc|iPhone = Ad-Hoc|iPhone
		Ad-Hoc|iPhoneSimulator = Ad-Hoc|iPhoneSimulator
		AppStore|Any CPU = AppStore|Any CPU
		AppStore|iPhone = AppStore|iPhone
		AppStore|iPhoneSimulator = AppStore|iPhoneSimulator
		Debug|Any CPU = Debug|Any CPU
		Debug|iPhone = Debug|iPhone
		Debug|iPhoneSimulator = Debug|iPhoneSimulator
		Release|Any CPU = Release|Any CPU
		Release|iPhone = Release|iPhone
		Release|iPhoneSimulator = Release|iPhoneSimulator
	EndGlobalSection
	GlobalSection(ProjectConfigurationPlatforms) = postSolution
		{67F9D3A8-F71E-4428-913F-C37AE82CDB24}.Ad-Hoc|Any CPU.ActiveCfg = Release|Any CPU
		{67F9D3A8-F71E-4428-913F-C37AE82CDB24}.Ad-Hoc|Any CPU.Build.0 = Release|Any CPU
		{67F9D3A8-F71E-4428-913F-C37AE82CDB24}.Ad-Hoc|iPhone.ActiveCfg = Release|Any CPU
		{67F9D3A8-F71E-4428-913F-C37AE82CDB24}.Ad-Hoc|iPhone.Build.0 = Release|Any CPU
		{67F9D3A8-F71E-4428-913F-C37AE82CDB24}.Ad-Hoc|iPhoneSimulator.ActiveCfg = Release|Any CPU
		{67F9D3A8-F71E-4428-913F-C37AE82CDB24}.Ad-Hoc|iPhoneSimulator.Build.0 = Release|Any CPU
		{67F9D3A8-F71E-4428-913F-C37AE82CDB24}.AppStore|Any CPU.ActiveCfg = Release|Any CPU
		{67F9D3A8-F71E-4428-913F-C37AE82CDB24}.AppStore|Any CPU.Build.0 = Release|Any CPU
		{67F9D3A8-F71E-4428-913F-C37AE82CDB24}.AppStore|iPhone.ActiveCfg = Release|Any CPU
		{67F9D3A8-F71E-4428-913F-C37AE82CDB24}.AppStore|iPhone.Build.0 = Release|Any CPU
		{67F9D3A8-F71E-4428-913F-C37AE82CDB24}.AppStore|iPhoneSimulator.ActiveCfg = Release|Any CPU
		{67F9D3A8-F71E-4428-913F-C37AE82CDB24}.AppStore|iPhoneSimulator.Build.0 = Release|Any CPU
		{67F9D3A8-F71E-4428-913F-C37AE82CDB24}.Debug|Any CPU.ActiveCfg = Debug|Any CPU
		{67F9D3A8-F71E-4428-913F-C37AE82CDB24}.Debug|Any CPU.Build.0 = Debug|Any CPU
		{67F9D3A8-F71E-4428-913F-C37AE82CDB24}.Debug|iPhone.ActiveCfg = Debug|Any CPU
		{67F9D3A8-F71E-4428-913F-C37AE82CDB24}.Debug|iPhone.Build.0 = Debug|Any CPU
		{67F9D3A8-F71E-4428-913F-C37AE82CDB24}.Debug|iPhoneSimulator.ActiveCfg = Debug|Any CPU
		{67F9D3A8-F71E-4428-913F-C37AE82CDB24}.Debug|iPhoneSimulator.Build.0 = Debug|Any CPU
		{67F9D3A8-F71E-4428-913F-C37AE82CDB24}.Release|Any CPU.ActiveCfg = Release|Any CPU
		{67F9D3A8-F71E-4428-913F-C37AE82CDB24}.Release|Any CPU.Build.0 = Release|Any CPU
		{67F9D3A8-F71E-4428-913F-C37AE82CDB24}.Release|iPhone.ActiveCfg = Release|Any CPU
		{67F9D3A8-F71E-4428-913F-C37AE82CDB24}.Release|iPhone.Build.0 = Release|Any CPU
		{67F9D3A8-F71E-4428-913F-C37AE82CDB24}.Release|iPhoneSimulator.ActiveCfg = Release|Any CPU
		{67F9D3A8-F71E-4428-913F-C37AE82CDB24}.Release|iPhoneSimulator.Build.0 = Release|Any CPU
		{6006DCF0-EEB6-4F8E-9B55-06A3B51B3304}.Ad-Hoc|Any CPU.ActiveCfg = Ad-Hoc|iPhone
		{6006DCF0-EEB6-4F8E-9B55-06A3B51B3304}.Ad-Hoc|iPhone.ActiveCfg = Ad-Hoc|iPhone
		{6006DCF0-EEB6-4F8E-9B55-06A3B51B3304}.Ad-Hoc|iPhone.Build.0 = Ad-Hoc|iPhone
		{6006DCF0-EEB6-4F8E-9B55-06A3B51B3304}.Ad-Hoc|iPhoneSimulator.ActiveCfg = Ad-Hoc|iPhoneSimulator
		{6006DCF0-EEB6-4F8E-9B55-06A3B51B3304}.Ad-Hoc|iPhoneSimulator.Build.0 = Ad-Hoc|iPhoneSimulator
		{6006DCF0-EEB6-4F8E-9B55-06A3B51B3304}.AppStore|Any CPU.ActiveCfg = AppStore|iPhone
		{6006DCF0-EEB6-4F8E-9B55-06A3B51B3304}.AppStore|iPhone.ActiveCfg = AppStore|iPhone
		{6006DCF0-EEB6-4F8E-9B55-06A3B51B3304}.AppStore|iPhone.Build.0 = AppStore|iPhone
		{6006DCF0-EEB6-4F8E-9B55-06A3B51B3304}.AppStore|iPhoneSimulator.ActiveCfg = AppStore|iPhoneSimulator
		{6006DCF0-EEB6-4F8E-9B55-06A3B51B3304}.AppStore|iPhoneSimulator.Build.0 = AppStore|iPhoneSimulator
		{6006DCF0-EEB6-4F8E-9B55-06A3B51B3304}.Debug|Any CPU.ActiveCfg = Debug|iPhone
		{6006DCF0-EEB6-4F8E-9B55-06A3B51B3304}.Debug|iPhone.ActiveCfg = Debug|iPhone
		{6006DCF0-EEB6-4F8E-9B55-06A3B51B3304}.Debug|iPhone.Build.0 = Debug|iPhone
		{6006DCF0-EEB6-4F8E-9B55-06A3B51B3304}.Debug|iPhoneSimulator.ActiveCfg = Debug|iPhoneSimulator
		{6006DCF0-EEB6-4F8E-9B55-06A3B51B3304}.Debug|iPhoneSimulator.Build.0 = Debug|iPhoneSimulator
		{6006DCF0-EEB6-4F8E-9B55-06A3B51B3304}.Release|Any CPU.ActiveCfg = Release|iPhone
		{6006DCF0-EEB6-4F8E-9B55-06A3B51B3304}.Release|iPhone.ActiveCfg = Release|iPhone
		{6006DCF0-EEB6-4F8E-9B55-06A3B51B3304}.Release|iPhone.Build.0 = Release|iPhone
		{6006DCF0-EEB6-4F8E-9B55-06A3B51B3304}.Release|iPhoneSimulator.ActiveCfg = Release|iPhoneSimulator
		{6006DCF0-EEB6-4F8E-9B55-06A3B51B3304}.Release|iPhoneSimulator.Build.0 = Release|iPhoneSimulator
		{1D7763E8-0032-4FB4-98E7-AB1B21711E42}.Ad-Hoc|Any CPU.ActiveCfg = Release|Any CPU
		{1D7763E8-0032-4FB4-98E7-AB1B21711E42}.Ad-Hoc|Any CPU.Build.0 = Release|Any CPU
		{1D7763E8-0032-4FB4-98E7-AB1B21711E42}.Ad-Hoc|Any CPU.Deploy.0 = Release|Any CPU
		{1D7763E8-0032-4FB4-98E7-AB1B21711E42}.Ad-Hoc|iPhone.ActiveCfg = Release|Any CPU
		{1D7763E8-0032-4FB4-98E7-AB1B21711E42}.Ad-Hoc|iPhone.Build.0 = Release|Any CPU
		{1D7763E8-0032-4FB4-98E7-AB1B21711E42}.Ad-Hoc|iPhone.Deploy.0 = Release|Any CPU
		{1D7763E8-0032-4FB4-98E7-AB1B21711E42}.Ad-Hoc|iPhoneSimulator.ActiveCfg = Release|Any CPU
		{1D7763E8-0032-4FB4-98E7-AB1B21711E42}.Ad-Hoc|iPhoneSimulator.Build.0 = Release|Any CPU
		{1D7763E8-0032-4FB4-98E7-AB1B21711E42}.Ad-Hoc|iPhoneSimulator.Deploy.0 = Release|Any CPU
		{1D7763E8-0032-4FB4-98E7-AB1B21711E42}.AppStore|Any CPU.ActiveCfg = Release|Any CPU
		{1D7763E8-0032-4FB4-98E7-AB1B21711E42}.AppStore|Any CPU.Build.0 = Release|Any CPU
		{1D7763E8-0032-4FB4-98E7-AB1B21711E42}.AppStore|Any CPU.Deploy.0 = Release|Any CPU
		{1D7763E8-0032-4FB4-98E7-AB1B21711E42}.AppStore|iPhone.ActiveCfg = Release|Any CPU
		{1D7763E8-0032-4FB4-98E7-AB1B21711E42}.AppStore|iPhone.Build.0 = Release|Any CPU
		{1D7763E8-0032-4FB4-98E7-AB1B21711E42}.AppStore|iPhone.Deploy.0 = Release|Any CPU
		{1D7763E8-0032-4FB4-98E7-AB1B21711E42}.AppStore|iPhoneSimulator.ActiveCfg = Release|Any CPU
		{1D7763E8-0032-4FB4-98E7-AB1B21711E42}.AppStore|iPhoneSimulator.Build.0 = Release|Any CPU
		{1D7763E8-0032-4FB4-98E7-AB1B21711E42}.AppStore|iPhoneSimulator.Deploy.0 = Release|Any CPU
		{1D7763E8-0032-4FB4-98E7-AB1B21711E42}.Debug|Any CPU.ActiveCfg = Debug|Any CPU
		{1D7763E8-0032-4FB4-98E7-AB1B21711E42}.Debug|Any CPU.Build.0 = Debug|Any CPU
		{1D7763E8-0032-4FB4-98E7-AB1B21711E42}.Debug|Any CPU.Deploy.0 = Debug|Any CPU
		{1D7763E8-0032-4FB4-98E7-AB1B21711E42}.Debug|iPhone.ActiveCfg = Debug|Any CPU
		{1D7763E8-0032-4FB4-98E7-AB1B21711E42}.Debug|iPhone.Build.0 = Debug|Any CPU
		{1D7763E8-0032-4FB4-98E7-AB1B21711E42}.Debug|iPhone.Deploy.0 = Debug|Any CPU
		{1D7763E8-0032-4FB4-98E7-AB1B21711E42}.Debug|iPhoneSimulator.ActiveCfg = Debug|Any CPU
		{1D7763E8-0032-4FB4-98E7-AB1B21711E42}.Debug|iPhoneSimulator.Build.0 = Debug|Any CPU
		{1D7763E8-0032-4FB4-98E7-AB1B21711E42}.Debug|iPhoneSimulator.Deploy.0 = Debug|Any CPU
		{1D7763E8-0032-4FB4-98E7-AB1B21711E42}.Release|Any CPU.ActiveCfg = Release|Any CPU
		{1D7763E8-0032-4FB4-98E7-AB1B21711E42}.Release|Any CPU.Build.0 = Release|Any CPU
		{1D7763E8-0032-4FB4-98E7-AB1B21711E42}.Release|Any CPU.Deploy.0 = Release|Any CPU
		{1D7763E8-0032-4FB4-98E7-AB1B21711E42}.Release|iPhone.ActiveCfg = Release|Any CPU
		{1D7763E8-0032-4FB4-98E7-AB1B21711E42}.Release|iPhone.Build.0 = Release|Any CPU
		{1D7763E8-0032-4FB4-98E7-AB1B21711E42}.Release|iPhone.Deploy.0 = Release|Any CPU
		{1D7763E8-0032-4FB4-98E7-AB1B21711E42}.Release|iPhoneSimulator.ActiveCfg = Release|Any CPU
		{1D7763E8-0032-4FB4-98E7-AB1B21711E42}.Release|iPhoneSimulator.Build.0 = Release|Any CPU
		{1D7763E8-0032-4FB4-98E7-AB1B21711E42}.Release|iPhoneSimulator.Deploy.0 = Release|Any CPU
	EndGlobalSection
	GlobalSection(SolutionProperties) = preSolution
		HideSolutionNode = FALSE
	EndGlobalSection
EndGlobal
